{
  "lockfileVersion": 1,
  "configVersion": 1,
  "workspaces": {
    "": {
      "name": "argc",
      "devDependencies": {
        "@types/bun": "^1.3.14",
        "@typescript/native-preview": "^7.0.0-dev.20260603.1",
        "@valibot/to-json-schema": "^1.7.0",
        "oxfmt": "^0.53.0",
        "typescript": "npm:@typescript/typescript6@^6.0.1",
        "valibot": "^1.4.1",
      },
      "peerDependencies": {
        "@standard-schema/spec": "^1.0.0",
      },
    },
  },
  "packages": {
    "@oxfmt/binding-android-arm-eabi": ["@oxfmt/binding-android-arm-eabi@0.53.0", "", { "os": "android", "cpu": "arm" }, "sha512-XfVM8AmIovBTKXCt14Op5wbfcoM8418nttd+nhMgM3RAVaJg1MtJc73FyWfUt0oxLyBGVwfniNVUsbV/b3VmPg=="],

    "@oxfmt/binding-android-arm64": ["@oxfmt/binding-android-arm64@0.53.0", "", { "os": "android", "cpu": "arm64" }, "sha512-btHDfXckwdf9zgyAVznfZkf+GVyB0I1m1hlvaOMRx2xoyz3hphfPX97s89J3wfCN8QBETLtk4lQUaeOkrMuQOg=="],

    "@oxfmt/binding-darwin-arm64": ["@oxfmt/binding-darwin-arm64@0.53.0", "", { "os": "darwin", "cpu": "arm64" }, "sha512-k2RjMcSTkHjoOlsVGbL35JVzXL+oQco3GHPl/5kjebVF4oHNfE24In8F5isqBh9LBJucycWHKDXdGrCchdWcHQ=="],

    "@oxfmt/binding-darwin-x64": ["@oxfmt/binding-darwin-x64@0.53.0", "", { "os": "darwin", "cpu": "x64" }, "sha512-65jIBE2H1l5SSs16fmv6/7b6sAx/WpvnsgDhVWK9qSjNFDUro7MPQ6q5UhpY7kl46yltfR046iAnxy/Bzqbiew=="],

    "@oxfmt/binding-freebsd-x64": ["@oxfmt/binding-freebsd-x64@0.53.0", "", { "os": "freebsd", "cpu": "x64" }, "sha512-oYe1gkz7U49PCYrS9147d2fJZj8mDI4Di6AvlsU5fu9p+Tq8S7qqOMSZjUiVTLX8bXuSA9Lk/tIxuegVjkNYRA=="],

    "@oxfmt/binding-linux-arm-gnueabihf": ["@oxfmt/binding-linux-arm-gnueabihf@0.53.0", "", { "os": "linux", "cpu": "arm" }, "sha512-ailB2vLzGi629tymdAb2VYJyEHref7oqGxP+tRBrtRBxQrb6NV55JMT7xtGZ8uTeG2+Y9zojqW4LhJYxQnz9Pg=="],

    "@oxfmt/binding-linux-arm-musleabihf": ["@oxfmt/binding-linux-arm-musleabihf@0.53.0", "", { "os": "linux", "cpu": "arm" }, "sha512-abh4mWBvOvD966sobqF7r103y2yYx7Rb4WGHLOS4+5igGqLbbPxS9aK5+45D6iUY7dWMsk3Muz9a8gUtufvqJA=="],

    "@oxfmt/binding-linux-arm64-gnu": ["@oxfmt/binding-linux-arm64-gnu@0.53.0", "", { "os": "linux", "cpu": "arm64" }, "sha512-z73PvuhJ8qA+cDbaiqbtopHglA91U4+y5wn2sTJJrnpB957d5P33FEuyP3DQIFd7ofljmDmfVT4G0CVGHZaJWg=="],

    "@oxfmt/binding-linux-arm64-musl": ["@oxfmt/binding-linux-arm64-musl@0.53.0", "", { "os": "linux", "cpu": "arm64" }, "sha512-I6bhOTroqc3ThrwZ89l2k3ivKuELhdPLbAcJhRNyjWvlgwb0vjRgEnVL1XLx5Jud04/ypNRZBykAWrSk6l/D+g=="],

    "@oxfmt/binding-linux-ppc64-gnu": ["@oxfmt/binding-linux-ppc64-gnu@0.53.0", "", { "os": "linux", "cpu": "ppc64" }, "sha512-w0p3JzB/PkkQjXALMJMqP9YfP3yq4w6zGsu5kezQmUnxRkN3b/Theg2l/nDgBsOcczxS3gL6Gam5XNAVrO6QJQ=="],

    "@oxfmt/binding-linux-riscv64-gnu": ["@oxfmt/binding-linux-riscv64-gnu@0.53.0", "", { "os": "linux", "cpu": "none" }, "sha512-mzBhF6k1Yq1K/dqDmVe/AAafnlJfEpx7yfUiksyeWXJk5iSzZqBSxcsa02zIytYgQFRZ7h6WPZfwHg/DoOE1Kw=="],

    "@oxfmt/binding-linux-riscv64-musl": ["@oxfmt/binding-linux-riscv64-musl@0.53.0", "", { "os": "linux", "cpu": "none" }, "sha512-AlFCpnRQhogQFzZXWbO6xB6/Udy745L+eQNmDPGg7G/OeWsYmJc4jZYfUN5pQg0reOPWSED2mOQqKZOJM1U8cA=="],

    "@oxfmt/binding-linux-s390x-gnu": ["@oxfmt/binding-linux-s390x-gnu@0.53.0", "", { "os": "linux", "cpu": "s390x" }, "sha512-XD4ulY4f1DWbuuZXAqxhVn+gdPmrhnmojWtFN78ctVoupmS845fGhsUrk1HZXKQI+iymbaiz9vAjPsghHNQ7Ag=="],

    "@oxfmt/binding-linux-x64-gnu": ["@oxfmt/binding-linux-x64-gnu@0.53.0", "", { "os": "linux", "cpu": "x64" }, "sha512-xg8KWX0QnxmYWRe60CgHYWXI0ZOtBbqTsXvWiWrcl2XUHJ3fht2QerOk2iWvylzX3zNT2GpvBRxGoR4d3sxPRQ=="],

    "@oxfmt/binding-linux-x64-musl": ["@oxfmt/binding-linux-x64-musl@0.53.0", "", { "os": "linux", "cpu": "x64" }, "sha512-MWExpYBGvl+pIvVB/gj/CcWlN2al8AizT7rUbtaYaWNoQkhWARM6W3qpgoCr72CYSN9PborzPmM5MIRe2BrNdA=="],

    "@oxfmt/binding-openharmony-arm64": ["@oxfmt/binding-openharmony-arm64@0.53.0", "", { "os": "none", "cpu": "arm64" }, "sha512-u4sajgO4nxgmJIgc/y2AqPhkdbOkQH8WugXpA1+pW0ESQhvGZ1oGq61Q4xMbJHJU1hFgtO18QNrcFYDPYH0gwQ=="],

    "@oxfmt/binding-win32-arm64-msvc": ["@oxfmt/binding-win32-arm64-msvc@0.53.0", "", { "os": "win32", "cpu": "arm64" }, "sha512-Yq9sOZoIOJ5xPjO0qOyHJS4CiPuTkB2en9auxZz7Ar2p5RaC7BzLyVVmAA7zz9/L9YnjjY1DwNxN+ivKXimN/A=="],

    "@oxfmt/binding-win32-ia32-msvc": ["@oxfmt/binding-win32-ia32-msvc@0.53.0", "", { "os": "win32", "cpu": "ia32" }, "sha512-es1fVNZEkBqEcQtBpn19SYFgZF7FawlkCjkT/iImfEAus4gun8fBwB1E9hpV5LcR9B0DBNvRIXhW8BQk3JaE+Q=="],

    "@oxfmt/binding-win32-x64-msvc": ["@oxfmt/binding-win32-x64-msvc@0.53.0", "", { "os": "win32", "cpu": "x64" }, "sha512-QFmJs2bEu9AO4O6qsmEaZNGi6dFq8N+rT8EHAAnZIq/B9SeJDUbc4DzVxQ48MfDsL7D3sCZzo37zuTuspcURgg=="],

    "@standard-schema/spec": ["@standard-schema/spec@1.1.0", "", {}, "sha512-l2aFy5jALhniG5HgqrD6jXLi/rUWrKvqN/qJx6yoJsgKhblVd+iqqU4RCXavm/jPityDo5TCvKMnpjKnOriy0w=="],

    "@types/bun": ["@types/bun@1.3.14", "", { "dependencies": { "bun-types": "1.3.14" } }, "sha512-h1hFqFVcvAvD9j9K7ZW7vd82aSA+rTdznZa+5bwvCwqSB1jmmfLcbIWhOLx1/+boy/xmjgCs/OMUL8hRJSmnPw=="],

    "@types/node": ["@types/node@25.0.3", "", { "dependencies": { "undici-types": "~7.16.0" } }, "sha512-W609buLVRVmeW693xKfzHeIV6nJGGz98uCPfeXI1ELMLXVeKYZ9m15fAMSaUPBHYLGFsVRcMmSCksQOrZV9BYA=="],

    "@typescript/native-preview": ["@typescript/native-preview@7.0.0-dev.20260603.1", "", { "optionalDependencies": { "@typescript/native-preview-darwin-arm64": "7.0.0-dev.20260603.1", "@typescript/native-preview-darwin-x64": "7.0.0-dev.20260603.1", "@typescript/native-preview-linux-arm": "7.0.0-dev.20260603.1", "@typescript/native-preview-linux-arm64": "7.0.0-dev.20260603.1", "@typescript/native-preview-linux-x64": "7.0.0-dev.20260603.1", "@typescript/native-preview-win32-arm64": "7.0.0-dev.20260603.1", "@typescript/native-preview-win32-x64": "7.0.0-dev.20260603.1" }, "bin": { "tsgo": "bin/tsgo.js" } }, "sha512-CO519Ccw5rji4JIG0DGVMR5owraCeQhm94jM53eRhMdlzz0nAJcAZ63Y6m1u3dUwqGssqlYxh4CcwTFPxTpMYw=="],

    "@typescript/native-preview-darwin-arm64": ["@typescript/native-preview-darwin-arm64@7.0.0-dev.20260603.1", "", { "os": "darwin", "cpu": "arm64" }, "sha512-BvaaQAHWaHA0nl26DsWTsXsKkCHqUTm7f5FMuNDyCU83Hvo7zHx0vpSTrzL+1KEWeWLUVVGA7U224dk+3yIosQ=="],

    "@typescript/native-preview-darwin-x64": ["@typescript/native-preview-darwin-x64@7.0.0-dev.20260603.1", "", { "os": "darwin", "cpu": "x64" }, "sha512-a2JJezvJAqWXgTAD1tKdWs7iA/4s3EakLcCYx4rg3ptEbBF6ADWv7A9ySHxT/+CQWYCD0DYIb9du1JUWL85fRw=="],

    "@typescript/native-preview-linux-arm": ["@typescript/native-preview-linux-arm@7.0.0-dev.20260603.1", "", { "os": "linux", "cpu": "arm" }, "sha512-GLsTfJQiGfTN+r1ezlxMcTd5MNYRB/tADD6Y1j1jfLjZsFYSVkNfCnDQA/jwUG6GddBBF+0Um7tBUP16emej9w=="],

    "@typescript/native-preview-linux-arm64": ["@typescript/native-preview-linux-arm64@7.0.0-dev.20260603.1", "", { "os": "linux", "cpu": "arm64" }, "sha512-MQ0JcRucLdcR6MT14wlrGNz9HaxJrFF8Axmo0IN6e5gSou2UrKKUvvAH1i8zU5Gm7jl8CWCLzzX/qGCi1TsinA=="],

    "@typescript/native-preview-linux-x64": ["@typescript/native-preview-linux-x64@7.0.0-dev.20260603.1", "", { "os": "linux", "cpu": "x64" }, "sha512-u6gvCiVGSDagdR2+GI5VJLPxJbGevATJgjZ2QFLKBLWI3re7liTGlPAuaINNDq/r0m9rUPj2rEn0zwqtcLK0nQ=="],

    "@typescript/native-preview-win32-arm64": ["@typescript/native-preview-win32-arm64@7.0.0-dev.20260603.1", "", { "os": "win32", "cpu": "arm64" }, "sha512-slxm6HBYs+jk0GpIBC2o03uY5qHgW7wIH+OTjK8JHbd2sUCgYV7P7bfZHUVZYi/cJZcVrnDW6MxXx734TuFn+w=="],

    "@typescript/native-preview-win32-x64": ["@typescript/native-preview-win32-x64@7.0.0-dev.20260603.1", "", { "os": "win32", "cpu": "x64" }, "sha512-G7SDZJn2Z9+c1qsAFzI/JL0OsRjJ18diQ39ycWKmJikilZZeL7iS7j933bemWY4ODaLTfxhMRKPMHf9292gpDA=="],

    "@valibot/to-json-schema": ["@valibot/to-json-schema@1.7.0", "", { "peerDependencies": { "valibot": "^1.4.0" } }, "sha512-Y3pPVibbIOHzohrlxSINvO7w/bvXkoYS3BQHoImV9ynE+bXKf171bdMucPurV2zp7gdmt0L1HCcNAsbo7cFRQw=="],

    "bun-types": ["bun-types@1.3.14", "", { "dependencies": { "@types/node": "*" } }, "sha512-4N0ig0fEomHt5R0KCFWjovxow98rIoRwKolrYdCcknNwMekCXRnWEUvgu5soYV8QXtVsrUD8B95MBOZGPvr6KQ=="],

    "oxfmt": ["oxfmt@0.53.0", "", { "dependencies": { "tinypool": "2.1.0" }, "optionalDependencies": { "@oxfmt/binding-android-arm-eabi": "0.53.0", "@oxfmt/binding-android-arm64": "0.53.0", "@oxfmt/binding-darwin-arm64": "0.53.0", "@oxfmt/binding-darwin-x64": "0.53.0", "@oxfmt/binding-freebsd-x64": "0.53.0", "@oxfmt/binding-linux-arm-gnueabihf": "0.53.0", "@oxfmt/binding-linux-arm-musleabihf": "0.53.0", "@oxfmt/binding-linux-arm64-gnu": "0.53.0", "@oxfmt/binding-linux-arm64-musl": "0.53.0", "@oxfmt/binding-linux-ppc64-gnu": "0.53.0", "@oxfmt/binding-linux-riscv64-gnu": "0.53.0", "@oxfmt/binding-linux-riscv64-musl": "0.53.0", "@oxfmt/binding-linux-s390x-gnu": "0.53.0", "@oxfmt/binding-linux-x64-gnu": "0.53.0", "@oxfmt/binding-linux-x64-musl": "0.53.0", "@oxfmt/binding-openharmony-arm64": "0.53.0", "@oxfmt/binding-win32-arm64-msvc": "0.53.0", "@oxfmt/binding-win32-ia32-msvc": "0.53.0", "@oxfmt/binding-win32-x64-msvc": "0.53.0" }, "peerDependencies": { "svelte": "^5.0.0", "vite-plus": "*" }, "optionalPeers": ["svelte", "vite-plus"], "bin": { "oxfmt": "bin/oxfmt" } }, "sha512-9cB5glS3Ip6NMuZ+6NYTao9FCWkDhRtPYCtR3QBu/NxHoFbgzzTvi41N4jxz/GqGfuLKspui1qb/LlSu2IbMcw=="],

    "tinypool": ["tinypool@2.1.0", "", {}, "sha512-Pugqs6M0m7Lv1I7FtxN4aoyToKg1C4tu+/381vH35y8oENM/Ai7f7C4StcoK4/+BSw9ebcS8jRiVrORFKCALLw=="],

    "typescript": ["@typescript/typescript6@6.0.1", "", { "dependencies": { "typescript": "^6" }, "bin": { "tsc6": "bin/tsc6" } }, "sha512-JbesA1Y3wSOYpcw4b4XvG8KCk9AaStATxk1Vmc1qY0Y30fjovvcuRXX2fJ8eC2JRycKQi7V1VYKUljSVBJUzZA=="],

    "undici-types": ["undici-types@7.16.0", "", {}, "sha512-Zz+aZWSj8LE6zoxD+xrjh4VfkIG8Ya6LvYkZqtUQGJPZjYl53ypCaUwWqo7eI0x66KBGeRo+mlBEkMSeSZ38Nw=="],

    "valibot": ["valibot@1.4.1", "", { "peerDependencies": { "typescript": ">=5" }, "optionalPeers": ["typescript"] }, "sha512-klCmFTz2jeDluy9RwX+F884TCiogtdBJ/YaxSx1EOBYXa3NXNWj8kR1jjN8rzluwojJVWWaHJ4r1U5LfICnM3g=="],
  }
}
