{
  "lockfileVersion": 1,
  "configVersion": 1,
  "workspaces": {
    "": {
      "name": "argc",
      "dependencies": {
        "oxc-parser": "0.137.0",
        "yaml": "2.9.0",
      },
      "devDependencies": {
        "@types/bun": "^1.3.14",
        "@typescript/native-preview": "^7.0.0-dev.20260623.1",
        "@valibot/to-json-schema": "^1.7.1",
        "oxfmt": "^0.56.0",
        "typescript": "npm:@typescript/typescript6@^6.0.1",
        "valibot": "^1.4.1",
      },
      "peerDependencies": {
        "@standard-schema/spec": "^1.0.0",
      },
    },
  },
  "packages": {
    "@emnapi/core": ["@emnapi/core@1.11.1", "", { "dependencies": { "@emnapi/wasi-threads": "1.2.2", "tslib": "^2.4.0" } }, "sha512-RSvbQmHzdKzNsLYa/wHrbc3KN4sYLKAdPZxqiM2HATqv/SBk2/ENSHpvXGaLOMcsAyz0poEGqkmmKYG3OWiJEQ=="],

    "@emnapi/runtime": ["@emnapi/runtime@1.11.1", "", { "dependencies": { "tslib": "^2.4.0" } }, "sha512-vgj7R3y3Wgx24IQaGPA/R6YFXLHVMOZ0uVEyIQPaWs+rd1AzfEMXlAC22FYwO1XkKR6NPsq7mUandH8oIRdZFw=="],

    "@emnapi/wasi-threads": ["@emnapi/wasi-threads@1.2.2", "", { "dependencies": { "tslib": "^2.4.0" } }, "sha512-c95qOXkHdydNKhscBTebqEC1CVAZpyqOfVfBzQ1qgzyl3gfeldUjIggDbIZgDKsHLgnsM+igH7TJ/eAasaVuMA=="],

    "@napi-rs/wasm-runtime": ["@napi-rs/wasm-runtime@1.1.5", "", { "dependencies": { "@tybys/wasm-util": "^0.10.2" }, "peerDependencies": { "@emnapi/core": "^1.7.1", "@emnapi/runtime": "^1.7.1" } }, "sha512-AWPoBRJ9tsnVhor4sjO7rkni+7p+2IAEFj6cx06UgP10jkQHqay/36uRV/bFkgrh18D9vb4cr8Q0Pthskgzy+Q=="],

    "@oxc-parser/binding-android-arm-eabi": ["@oxc-parser/binding-android-arm-eabi@0.137.0", "", { "os": "android", "cpu": "arm" }, "sha512-KDs+0VPdEmasOkpuJHW9V5WCF+cvYdMQv2Jd+aJXt+cxIx12NToRQRbXaRwUEDsZw+/jMk81Ve8ZFbjUkJTOwA=="],

    "@oxc-parser/binding-android-arm64": ["@oxc-parser/binding-android-arm64@0.137.0", "", { "os": "android", "cpu": "arm64" }, "sha512-WhALNzfy3x/RfC6bsqX+csavuUY0yHHE7XfgPE5M542uhoBZUUoGTPG+nkMbGoG4+gcfss5s7urMyn5QBHu0sw=="],

    "@oxc-parser/binding-darwin-arm64": ["@oxc-parser/binding-darwin-arm64@0.137.0", "", { "os": "darwin", "cpu": "arm64" }, "sha512-bFPr5hgmNMOMoyPTGtdsK4Ug21RovIPojRMgDDhSp1LtCnc/DkLwGONKjgRjszg677RlGnkYSviQ8hHaUPOVYA=="],

    "@oxc-parser/binding-darwin-x64": ["@oxc-parser/binding-darwin-x64@0.137.0", "", { "os": "darwin", "cpu": "x64" }, "sha512-CL5dMm1asqXIDZHg14FLxj3Mc36w8PI7xCWh1uA4is6z8g2XrIILoTcQYOxDbwzuk34RDPX5IAGUxZr6LA9KAg=="],

    "@oxc-parser/binding-freebsd-x64": ["@oxc-parser/binding-freebsd-x64@0.137.0", "", { "os": "freebsd", "cpu": "x64" }, "sha512-79h8rYGnSlKPGWo7mHr2ixO6ea7aW8B0CT965SZ8SLbNnCOH5aOYBTeVXUY6eMvEaiLyWr8Skuiugr5pDYgLGw=="],

    "@oxc-parser/binding-linux-arm-gnueabihf": ["@oxc-parser/binding-linux-arm-gnueabihf@0.137.0", "", { "os": "linux", "cpu": "arm" }, "sha512-ASgmlSimhGyr0lksgVIo6hibz1obnDq4qJbiMX/AzltfgPnanRrzG1Q+23g8ljOHOjv6dsznkUuCYL3gg0sY1Q=="],

    "@oxc-parser/binding-linux-arm-musleabihf": ["@oxc-parser/binding-linux-arm-musleabihf@0.137.0", "", { "os": "linux", "cpu": "arm" }, "sha512-AU2J9aa22Sx32wRGnDjybOU9TQXXQUud5sdUi+ZB0XxwM8aToWLweV+yA0wlQm0yIUVqljquqoHCYEq9II8gJQ=="],

    "@oxc-parser/binding-linux-arm64-gnu": ["@oxc-parser/binding-linux-arm64-gnu@0.137.0", "", { "os": "linux", "cpu": "arm64" }, "sha512-GdEtiG89yMr7XkUGxifgodXEEm2f+xW2f9CpDjlgAnBOwhTmrpQMvhOGobLVKUyzf/qHBXW16smk5zbF3nZU6w=="],

    "@oxc-parser/binding-linux-arm64-musl": ["@oxc-parser/binding-linux-arm64-musl@0.137.0", "", { "os": "linux", "cpu": "arm64" }, "sha512-EGJ+Bs8iXx8KBH8DQ5BLoEm5lnHaYjlh4/8j8vFhrr/6z4tqONy5BZDzLpKmmNWlN6Hlc5r8YOuBVHqZ9vRFEQ=="],

    "@oxc-parser/binding-linux-ppc64-gnu": ["@oxc-parser/binding-linux-ppc64-gnu@0.137.0", "", { "os": "linux", "cpu": "ppc64" }, "sha512-vzFUQENy/fnbSe5DZWovq6tIBc1uhuMztanSW6rz1e9WdQE4gHwYuD7ZII6JnrJifd1R3RSoqiZbgRFlVL2tYQ=="],

    "@oxc-parser/binding-linux-riscv64-gnu": ["@oxc-parser/binding-linux-riscv64-gnu@0.137.0", "", { "os": "linux", "cpu": "none" }, "sha512-SfVI14HBQs9gtLcUD5hTt5hsNbdrqSUNg9S8muN+LhVQ5nf1WwH3hAoK6B9NKgdYgWAQSXFXGiiBedQ4r/BKuw=="],

    "@oxc-parser/binding-linux-riscv64-musl": ["@oxc-parser/binding-linux-riscv64-musl@0.137.0", "", { "os": "linux", "cpu": "none" }, "sha512-e7Ppy4FCIFNQxT/ikSeIWFoQ0l+N9vgtRBtLcyZXeolTzApyVoPqEXsYPrcdM/9i0Bwk8knvYd37vaEMxHyi6g=="],

    "@oxc-parser/binding-linux-s390x-gnu": ["@oxc-parser/binding-linux-s390x-gnu@0.137.0", "", { "os": "linux", "cpu": "s390x" }, "sha512-Bho5qFwdhqsIFR7gipYEUlqvi3SRrY8sugxXig380MIaakBB1PyU9+7dBiBVScfImTNWhijUxdBwqrprGdq5WA=="],

    "@oxc-parser/binding-linux-x64-gnu": ["@oxc-parser/binding-linux-x64-gnu@0.137.0", "", { "os": "linux", "cpu": "x64" }, "sha512-36mGWtg7PyFzjJwGDkH6/F4o2nIDEoKXLPr/X/lwqklkomQwJJt1I5GJVmGhovUEmgPK5WAeAZMqlFCehwiy9Q=="],

    "@oxc-parser/binding-linux-x64-musl": ["@oxc-parser/binding-linux-x64-musl@0.137.0", "", { "os": "linux", "cpu": "x64" }, "sha512-/Jqx6+N7A44n2BdvUr7pXhVr2vFjs6WGH3unZRczwrfiH0H1zY0QwKQMG/dtRiTlKGDKGukznPT8lx84/oEsZg=="],

    "@oxc-parser/binding-openharmony-arm64": ["@oxc-parser/binding-openharmony-arm64@0.137.0", "", { "os": "none", "cpu": "arm64" }, "sha512-9Uj0qHNNl+OgT1UTGwF7ixIXU6T1u2SbMidmgPy/h1h/fl2gRS6YpAxxY1gwHofcWjoTwkoMFd8xs5Vuj6GOFA=="],

    "@oxc-parser/binding-wasm32-wasi": ["@oxc-parser/binding-wasm32-wasi@0.137.0", "", { "dependencies": { "@emnapi/core": "1.11.1", "@emnapi/runtime": "1.11.1", "@napi-rs/wasm-runtime": "^1.1.5" }, "cpu": "none" }, "sha512-gW2vfkytNGgMVADiuzdvOfw0mWG9za20F/1fCJsif5aBMAvWJTSbpIXbIe0XkOe0VENk+PadpQ7cZgUy2sUJcA=="],

    "@oxc-parser/binding-win32-arm64-msvc": ["@oxc-parser/binding-win32-arm64-msvc@0.137.0", "", { "os": "win32", "cpu": "arm64" }, "sha512-x+pFANF0yL5uK/6T7lu6SlR5qid6sp//eZXKLq5iNsIE+EQg6EaS8/wsW7E91nXXjpnPhSoMOHXShSVhGRdn8w=="],

    "@oxc-parser/binding-win32-ia32-msvc": ["@oxc-parser/binding-win32-ia32-msvc@0.137.0", "", { "os": "win32", "cpu": "ia32" }, "sha512-sQUqym80PFi6McRsIqfJrSu2JrSClEZIXXD+/FjAFoULEKzOPsldIdFBG96xdX8aVMzCNQ9792FPx3MfkEIrFA=="],

    "@oxc-parser/binding-win32-x64-msvc": ["@oxc-parser/binding-win32-x64-msvc@0.137.0", "", { "os": "win32", "cpu": "x64" }, "sha512-2AsevxlvNN4WKxpEn3RtqD5zbqMaXF+T7JXblsP4gVuY+vC9dXS4ED/PwfRCliFqoeisYS3Iro4DHzxr0TEvVA=="],

    "@oxc-project/types": ["@oxc-project/types@0.137.0", "", {}, "sha512-WT+Gb24i8hmvo85AIv2oEYouEXkRlKAlT9WaCa3TfLgNCN+GhrJOGZuIlMouAh38Qe4QOx26eUOVsq70qXrywA=="],

    "@oxfmt/binding-android-arm-eabi": ["@oxfmt/binding-android-arm-eabi@0.56.0", "", { "os": "android", "cpu": "arm" }, "sha512-CSCxi7ovYojgfdPOdUb9T508HKeAdDIKeRGg7x8IZwVJrWz9gVgX7MbUnFqtQAE4QvoNo07mj2JlwnOzJw4qqA=="],

    "@oxfmt/binding-android-arm64": ["@oxfmt/binding-android-arm64@0.56.0", "", { "os": "android", "cpu": "arm64" }, "sha512-HYJFnd+PkDwf6S9ZPGzXXtjNqvRWFnnhdbWaouh4mi/SxU8wmDuzlMn3xo/wDTGnr4Q1VA7ZzOaE/D4biW0W6A=="],

    "@oxfmt/binding-darwin-arm64": ["@oxfmt/binding-darwin-arm64@0.56.0", "", { "os": "darwin", "cpu": "arm64" }, "sha512-sftR/bEOr+t1gs+evwsHi/Xbq2FAPA2uU3VMr8n6ZU9PoK/IMSfnfu7+OEe/uy1+knhrFl4Wvy7Vkm3uo9mJ7g=="],

    "@oxfmt/binding-darwin-x64": ["@oxfmt/binding-darwin-x64@0.56.0", "", { "os": "darwin", "cpu": "x64" }, "sha512-z66SdjLqa3MUPKvTp3Mbb5nSjKSbnYxJGeB+Wx987s8T5hPcIRiBMfnJ6zcPgYtQn3x5xjvdzNVkXrSeYH6ZFg=="],

    "@oxfmt/binding-freebsd-x64": ["@oxfmt/binding-freebsd-x64@0.56.0", "", { "os": "freebsd", "cpu": "x64" }, "sha512-t2tkrV1vtZyaItSQ71dTi2ZVKZEI39b/LqLT12V5KMfIeXK6N32TUC1jhOXKVQmhECq9j2ZXMQV3JeT1kh9Vmg=="],

    "@oxfmt/binding-linux-arm-gnueabihf": ["@oxfmt/binding-linux-arm-gnueabihf@0.56.0", "", { "os": "linux", "cpu": "arm" }, "sha512-+gCy+Tp3RHeXQ9y/QrS76lXIpZkbziTyp6hIgjB2MssCwfMph3vG/GEfkhO34Rai1vhYIaUkvv8UT1BcDorJPw=="],

    "@oxfmt/binding-linux-arm-musleabihf": ["@oxfmt/binding-linux-arm-musleabihf@0.56.0", "", { "os": "linux", "cpu": "arm" }, "sha512-0kKkVvQ2I+FJ2sxQyUu1zJ0yWP5kcWse/yVFnGQSFCXMwSSkfEaUGu0dW774O7nyy3jrcBGap7OSc8dZmU/CdA=="],

    "@oxfmt/binding-linux-arm64-gnu": ["@oxfmt/binding-linux-arm64-gnu@0.56.0", "", { "os": "linux", "cpu": "arm64" }, "sha512-npkA2siMbyWRh+wEhi1aTAx4RirukGcGNt8V4Ch86pG+xU9aurqS1MZOnKYMu03ISwat3rB6zkQx51SsB9obNw=="],

    "@oxfmt/binding-linux-arm64-musl": ["@oxfmt/binding-linux-arm64-musl@0.56.0", "", { "os": "linux", "cpu": "arm64" }, "sha512-UekqOjGkV4/MkqreCV9SPIB2jlR3/HbXrmhV1rVXJZ9wfDXMyCMriLtq3tHqLY4PkbVWNtfcm1kMojJ26KLSJw=="],

    "@oxfmt/binding-linux-ppc64-gnu": ["@oxfmt/binding-linux-ppc64-gnu@0.56.0", "", { "os": "linux", "cpu": "ppc64" }, "sha512-XSzveSpeZMD5XJpew5lRFVtNnT04xd3rJxENXmk7wkZzN9oWzv2aFJyoNDhOtoz69BYaS/fg4SYl+CfEZRpB0Q=="],

    "@oxfmt/binding-linux-riscv64-gnu": ["@oxfmt/binding-linux-riscv64-gnu@0.56.0", "", { "os": "linux", "cpu": "none" }, "sha512-EkQ0nJa7k7HDDIVuPF7WY+k4k+bzdclLYtyIXNt7/OqVghfNiMym6YGppFBgx1XRIHW6QylxBz5OogumPjPJbQ=="],

    "@oxfmt/binding-linux-riscv64-musl": ["@oxfmt/binding-linux-riscv64-musl@0.56.0", "", { "os": "linux", "cpu": "none" }, "sha512-dyjAGW8jKRge0ik6U/dgvQG0nVpA3iBlRskQTz5qJLvQWIrySxX5jpqzPetLBNIIZ231KA82fDdi1nLTk8ENCw=="],

    "@oxfmt/binding-linux-s390x-gnu": ["@oxfmt/binding-linux-s390x-gnu@0.56.0", "", { "os": "linux", "cpu": "s390x" }, "sha512-60ZGH3LtfqlW8X6vcLdSFY4lvCQYINurttYBKaALnHCDVAUCYJ1LsUgS6p1XOzVlzEDx3yNUZvDF1Lvt59zoZw=="],

    "@oxfmt/binding-linux-x64-gnu": ["@oxfmt/binding-linux-x64-gnu@0.56.0", "", { "os": "linux", "cpu": "x64" }, "sha512-u1suj1tgJHK4ZqB7buCtdbNef2n8+d0lXTPJwLHNmtyK6p+DTpsaoDvmqhQrA56fgKYv4LuRxNtL8YooebKOew=="],

    "@oxfmt/binding-linux-x64-musl": ["@oxfmt/binding-linux-x64-musl@0.56.0", "", { "os": "linux", "cpu": "x64" }, "sha512-aYGLvlQHt80y+qKEtfJY/Nm27G0125Lv+qyh9SJ4Cjc6lXnXjD+ndfhqQnbV24POpMi7rNRi0jvx/0d70FRpCQ=="],

    "@oxfmt/binding-openharmony-arm64": ["@oxfmt/binding-openharmony-arm64@0.56.0", "", { "os": "none", "cpu": "arm64" }, "sha512-H/re/gO+7ysVc+kywHNuzY3C33EN9sQcZhg0kp1ZwOZl7y998ZE5mhnBiuGR/nYI0pqLL5xQfrHVUOJ/cIJsCA=="],

    "@oxfmt/binding-win32-arm64-msvc": ["@oxfmt/binding-win32-arm64-msvc@0.56.0", "", { "os": "win32", "cpu": "arm64" }, "sha512-6qLNXfXmtAs8jXDvYMkxk6Wec5SUJoew+ZX1uOZmqaR7ks0EJFbAohuOCELDyJMWyVlxotVG8Xf8m74Bfq0O2w=="],

    "@oxfmt/binding-win32-ia32-msvc": ["@oxfmt/binding-win32-ia32-msvc@0.56.0", "", { "os": "win32", "cpu": "ia32" }, "sha512-UXEXuKphAe15bsob4AswNMArCw38XSmUIs3wk1s6e6MX9OWGW/IRWU95s1hZDiVg09STy1jHgyN2qkqbu1FT0w=="],

    "@oxfmt/binding-win32-x64-msvc": ["@oxfmt/binding-win32-x64-msvc@0.56.0", "", { "os": "win32", "cpu": "x64" }, "sha512-HPyNDjky+NIOuaMvHZflR+kst3YWdUOH2JUQYkf99grqZ5mEBTQM6h9iGy501Z8Xt5xMScrwHOuVCOlqDrktRw=="],

    "@standard-schema/spec": ["@standard-schema/spec@1.1.0", "", {}, "sha512-l2aFy5jALhniG5HgqrD6jXLi/rUWrKvqN/qJx6yoJsgKhblVd+iqqU4RCXavm/jPityDo5TCvKMnpjKnOriy0w=="],

    "@tybys/wasm-util": ["@tybys/wasm-util@0.10.3", "", { "dependencies": { "tslib": "^2.4.0" } }, "sha512-F3fo1MYrRJYL3zER0OUOmkutjr1Vp23m7OsSgp7nq4SP6OqX6C/56XFIPAl5bt3zaBRjmW7SGz3u/6LwFpYcOg=="],

    "@types/bun": ["@types/bun@1.3.14", "", { "dependencies": { "bun-types": "1.3.14" } }, "sha512-h1hFqFVcvAvD9j9K7ZW7vd82aSA+rTdznZa+5bwvCwqSB1jmmfLcbIWhOLx1/+boy/xmjgCs/OMUL8hRJSmnPw=="],

    "@types/node": ["@types/node@25.0.3", "", { "dependencies": { "undici-types": "~7.16.0" } }, "sha512-W609buLVRVmeW693xKfzHeIV6nJGGz98uCPfeXI1ELMLXVeKYZ9m15fAMSaUPBHYLGFsVRcMmSCksQOrZV9BYA=="],

    "@typescript/native-preview": ["@typescript/native-preview@7.0.0-dev.20260623.1", "", { "optionalDependencies": { "@typescript/native-preview-darwin-arm64": "7.0.0-dev.20260623.1", "@typescript/native-preview-darwin-x64": "7.0.0-dev.20260623.1", "@typescript/native-preview-linux-arm": "7.0.0-dev.20260623.1", "@typescript/native-preview-linux-arm64": "7.0.0-dev.20260623.1", "@typescript/native-preview-linux-x64": "7.0.0-dev.20260623.1", "@typescript/native-preview-win32-arm64": "7.0.0-dev.20260623.1", "@typescript/native-preview-win32-x64": "7.0.0-dev.20260623.1" }, "bin": { "tsgo": "bin/tsgo.js" } }, "sha512-33AkAhmRu1/w4nRFLnJ9lic7FSzW4zWfU1u5DP7A2+j1445SSNvf3Q4WGtDzdAR5HSlk8vXEa0B4xUHR5vM1tg=="],

    "@typescript/native-preview-darwin-arm64": ["@typescript/native-preview-darwin-arm64@7.0.0-dev.20260623.1", "", { "os": "darwin", "cpu": "arm64" }, "sha512-8AX9NwC+G6Sbh5hNLnx8YgxoRV/8BH8FQRtZ86OTtUQfESMRvwszOGTtfcC32g86O5jsEQPDHXKVSnsIzWh6lg=="],

    "@typescript/native-preview-darwin-x64": ["@typescript/native-preview-darwin-x64@7.0.0-dev.20260623.1", "", { "os": "darwin", "cpu": "x64" }, "sha512-ef+JmOjtTu0BRdhAq69WbzCWjZsG6gqS8xDI4fKABdWXlrVojPkrD2OObog3PC7Qte8us6QspQvvnKTf7yKFSQ=="],

    "@typescript/native-preview-linux-arm": ["@typescript/native-preview-linux-arm@7.0.0-dev.20260623.1", "", { "os": "linux", "cpu": "arm" }, "sha512-8f9dT1RaOK3Wy/puboAcCik4HBX6mfWt5hOMipWehDfInNFI6XP3ZYErShowBQ0Tkln5qdGqDIoq452PO/ZwCA=="],

    "@typescript/native-preview-linux-arm64": ["@typescript/native-preview-linux-arm64@7.0.0-dev.20260623.1", "", { "os": "linux", "cpu": "arm64" }, "sha512-xb9m0WXvIPHOogGTC02iBv3cwRJ7q+Ql2ABcsu4kHYc1p02JSbIBEfu3g58TpcFZyODsO+8WaDylx/hBiGzlVw=="],

    "@typescript/native-preview-linux-x64": ["@typescript/native-preview-linux-x64@7.0.0-dev.20260623.1", "", { "os": "linux", "cpu": "x64" }, "sha512-AZRp6q0SyVw9xe9kpyfTmavqkQKizDhmOLglDHbxAu4Y3inL6r2GSE7q3w/eO4R259dIwl5TM52DZKK8onoT6Q=="],

    "@typescript/native-preview-win32-arm64": ["@typescript/native-preview-win32-arm64@7.0.0-dev.20260623.1", "", { "os": "win32", "cpu": "arm64" }, "sha512-DXRMXOe/JEmf2CULZZn1xvRuJrnZ9DxzDubxtW85pE0aSLgl+VuplWCsZrBxaCZDrWMRIfMDV8Y0y+Yftx/jeQ=="],

    "@typescript/native-preview-win32-x64": ["@typescript/native-preview-win32-x64@7.0.0-dev.20260623.1", "", { "os": "win32", "cpu": "x64" }, "sha512-kYB1I6tdxWHjhSt8B2v9CHmpOJwJvD88LUCxiBS9C59pwrGe+LAwZvbTTJxvULNaUEjxdiMomYerWWhD/09Y3g=="],

    "@valibot/to-json-schema": ["@valibot/to-json-schema@1.7.1", "", { "peerDependencies": { "valibot": "^1.4.0" } }, "sha512-3qkmU6KXWh8GIThEAW3kuRHPQBMjWkKy+Ppz3WkUucx53DTpOa6siMn4xDGSOhlVyMrDaJTCTMLYPZVAIk1P0A=="],

    "bun-types": ["bun-types@1.3.14", "", { "dependencies": { "@types/node": "*" } }, "sha512-4N0ig0fEomHt5R0KCFWjovxow98rIoRwKolrYdCcknNwMekCXRnWEUvgu5soYV8QXtVsrUD8B95MBOZGPvr6KQ=="],

    "oxc-parser": ["oxc-parser@0.137.0", "", { "dependencies": { "@oxc-project/types": "^0.137.0" }, "optionalDependencies": { "@oxc-parser/binding-android-arm-eabi": "0.137.0", "@oxc-parser/binding-android-arm64": "0.137.0", "@oxc-parser/binding-darwin-arm64": "0.137.0", "@oxc-parser/binding-darwin-x64": "0.137.0", "@oxc-parser/binding-freebsd-x64": "0.137.0", "@oxc-parser/binding-linux-arm-gnueabihf": "0.137.0", "@oxc-parser/binding-linux-arm-musleabihf": "0.137.0", "@oxc-parser/binding-linux-arm64-gnu": "0.137.0", "@oxc-parser/binding-linux-arm64-musl": "0.137.0", "@oxc-parser/binding-linux-ppc64-gnu": "0.137.0", "@oxc-parser/binding-linux-riscv64-gnu": "0.137.0", "@oxc-parser/binding-linux-riscv64-musl": "0.137.0", "@oxc-parser/binding-linux-s390x-gnu": "0.137.0", "@oxc-parser/binding-linux-x64-gnu": "0.137.0", "@oxc-parser/binding-linux-x64-musl": "0.137.0", "@oxc-parser/binding-openharmony-arm64": "0.137.0", "@oxc-parser/binding-wasm32-wasi": "0.137.0", "@oxc-parser/binding-win32-arm64-msvc": "0.137.0", "@oxc-parser/binding-win32-ia32-msvc": "0.137.0", "@oxc-parser/binding-win32-x64-msvc": "0.137.0" } }, "sha512-yFImD+WLElJpLKy8llG1qe4DCmMsL18peRp8XP1JKfig/gISbJkglnpDtX2aTmAn10kZF7164HbN2H8QPsXxGg=="],

    "oxfmt": ["oxfmt@0.56.0", "", { "dependencies": { "tinypool": "2.1.0" }, "optionalDependencies": { "@oxfmt/binding-android-arm-eabi": "0.56.0", "@oxfmt/binding-android-arm64": "0.56.0", "@oxfmt/binding-darwin-arm64": "0.56.0", "@oxfmt/binding-darwin-x64": "0.56.0", "@oxfmt/binding-freebsd-x64": "0.56.0", "@oxfmt/binding-linux-arm-gnueabihf": "0.56.0", "@oxfmt/binding-linux-arm-musleabihf": "0.56.0", "@oxfmt/binding-linux-arm64-gnu": "0.56.0", "@oxfmt/binding-linux-arm64-musl": "0.56.0", "@oxfmt/binding-linux-ppc64-gnu": "0.56.0", "@oxfmt/binding-linux-riscv64-gnu": "0.56.0", "@oxfmt/binding-linux-riscv64-musl": "0.56.0", "@oxfmt/binding-linux-s390x-gnu": "0.56.0", "@oxfmt/binding-linux-x64-gnu": "0.56.0", "@oxfmt/binding-linux-x64-musl": "0.56.0", "@oxfmt/binding-openharmony-arm64": "0.56.0", "@oxfmt/binding-win32-arm64-msvc": "0.56.0", "@oxfmt/binding-win32-ia32-msvc": "0.56.0", "@oxfmt/binding-win32-x64-msvc": "0.56.0" }, "peerDependencies": { "svelte": "^5.0.0", "vite-plus": "*" }, "optionalPeers": ["svelte", "vite-plus"], "bin": { "oxfmt": "bin/oxfmt" } }, "sha512-9Dv0wV3zKiyvhjD7bRKaInKmHQ1sPx3RGOjQkGFJbbdQ16576yf8qhMSO9Q9cvHcs+1NpBsRTkuDDYFFPTJ6gw=="],

    "tinypool": ["tinypool@2.1.0", "", {}, "sha512-Pugqs6M0m7Lv1I7FtxN4aoyToKg1C4tu+/381vH35y8oENM/Ai7f7C4StcoK4/+BSw9ebcS8jRiVrORFKCALLw=="],

    "tslib": ["tslib@2.8.1", "", {}, "sha512-oJFu94HQb+KVduSUQL7wnpmqnfmLsOA/nAh6b6EH0wCEoK0/mPeXU6c3wKDV83MkOuHPRHtSXKKU99IBazS/2w=="],

    "typescript": ["@typescript/typescript6@6.0.1", "", { "dependencies": { "typescript": "^6" }, "bin": { "tsc6": "bin/tsc6" } }, "sha512-JbesA1Y3wSOYpcw4b4XvG8KCk9AaStATxk1Vmc1qY0Y30fjovvcuRXX2fJ8eC2JRycKQi7V1VYKUljSVBJUzZA=="],

    "undici-types": ["undici-types@7.16.0", "", {}, "sha512-Zz+aZWSj8LE6zoxD+xrjh4VfkIG8Ya6LvYkZqtUQGJPZjYl53ypCaUwWqo7eI0x66KBGeRo+mlBEkMSeSZ38Nw=="],

    "valibot": ["valibot@1.4.1", "", { "peerDependencies": { "typescript": ">=5" }, "optionalPeers": ["typescript"] }, "sha512-klCmFTz2jeDluy9RwX+F884TCiogtdBJ/YaxSx1EOBYXa3NXNWj8kR1jjN8rzluwojJVWWaHJ4r1U5LfICnM3g=="],

    "yaml": ["yaml@2.9.0", "", { "bin": { "yaml": "bin.mjs" } }, "sha512-2AvhNX3mb8zd6Zy7INTtSpl1F15HW6Wnqj0srWlkKLcpYl/gMIMJiyuGq2KeI2YFxUPjdlB+3Lc10seMLtL4cA=="],
  }
}
